
Microsoft Visual Studio Solution File, Format Version 12.00
# Visual Studio 15
VisualStudioVersion = 15.0.27428.2005
MinimumVisualStudioVersion = 10.0.40219.1
Project("{FAE04EC0-301F-11D3-BF4B-00C04F79EFBC}") = "HashTable", "HashTable\HashTable.csproj", "{12BAF5DC-D63C-4EA1-9A43-52E5FF46DAC3}"
EndProject
Project("{FAE04EC0-301F-11D3-BF4B-00C04F79EFBC}") = "ArrayList", "ArrayList\ArrayList.csproj", "{30747859-0E72-42C7-9070-420D0E1EDC60}"
EndProject
Project("{FAE04EC0-301F-11D3-BF4B-00C04F79EFBC}") = "Temperature", "Temperature\Temperature.csproj", "{118B0159-0661-4F3E-8DD1-AE488B51E254}"
EndProject
Project("{FAE04EC0-301F-11D3-BF4B-00C04F79EFBC}") = "Tree", "Tree\Tree.csproj", "{0143FCE2-A66D-450E-B798-5EDC889E9F25}"
EndProject
Project("{FAE04EC0-301F-11D3-BF4B-00C04F79EFBC}") = "Graph", "Graph\Graph.csproj", "{1426BDD8-A5D9-4ABE-ADF9-138E34C365BD}"
EndProject
Project("{FAE04EC0-301F-11D3-BF4B-00C04F79EFBC}") = "Person", "Persons\Person.csproj", "{D3F55FDD-582E-4EFB-BBC2-56C395BF7365}"
EndProject
Global
	GlobalSection(SolutionConfigurationPlatforms) = preSolution
		Debug|Any CPU = Debug|Any CPU
		Release|Any CPU = Release|Any CPU
	EndGlobalSection
	GlobalSection(ProjectConfigurationPlatforms) = postSolution
		{12BAF5DC-D63C-4EA1-9A43-52E5FF46DAC3}.Debug|Any CPU.ActiveCfg = Debug|Any CPU
		{12BAF5DC-D63C-4EA1-9A43-52E5FF46DAC3}.Debug|Any CPU.Build.0 = Debug|Any CPU
		{12BAF5DC-D63C-4EA1-9A43-52E5FF46DAC3}.Release|Any CPU.ActiveCfg = Release|Any CPU
		{12BAF5DC-D63C-4EA1-9A43-52E5FF46DAC3}.Release|Any CPU.Build.0 = Release|Any CPU
		{30747859-0E72-42C7-9070-420D0E1EDC60}.Debug|Any CPU.ActiveCfg = Debug|Any CPU
		{30747859-0E72-42C7-9070-420D0E1EDC60}.Debug|Any CPU.Build.0 = Debug|Any CPU
		{30747859-0E72-42C7-9070-420D0E1EDC60}.Release|Any CPU.ActiveCfg = Release|Any CPU
		{30747859-0E72-42C7-9070-420D0E1EDC60}.Release|Any CPU.Build.0 = Release|Any CPU
		{118B0159-0661-4F3E-8DD1-AE488B51E254}.Debug|Any CPU.ActiveCfg = Debug|Any CPU
		{118B0159-0661-4F3E-8DD1-AE488B51E254}.Debug|Any CPU.Build.0 = Debug|Any CPU
		{118B0159-0661-4F3E-8DD1-AE488B51E254}.Release|Any CPU.ActiveCfg = Release|Any CPU
		{118B0159-0661-4F3E-8DD1-AE488B51E254}.Release|Any CPU.Build.0 = Release|Any CPU
		{0143FCE2-A66D-450E-B798-5EDC889E9F25}.Debug|Any CPU.ActiveCfg = Debug|Any CPU
		{0143FCE2-A66D-450E-B798-5EDC889E9F25}.Debug|Any CPU.Build.0 = Debug|Any CPU
		{0143FCE2-A66D-450E-B798-5EDC889E9F25}.Release|Any CPU.ActiveCfg = Release|Any CPU
		{0143FCE2-A66D-450E-B798-5EDC889E9F25}.Release|Any CPU.Build.0 = Release|Any CPU
		{1426BDD8-A5D9-4ABE-ADF9-138E34C365BD}.Debug|Any CPU.ActiveCfg = Debug|Any CPU
		{1426BDD8-A5D9-4ABE-ADF9-138E34C365BD}.Debug|Any CPU.Build.0 = Debug|Any CPU
		{1426BDD8-A5D9-4ABE-ADF9-138E34C365BD}.Release|Any CPU.ActiveCfg = Release|Any CPU
		{1426BDD8-A5D9-4ABE-ADF9-138E34C365BD}.Release|Any CPU.Build.0 = Release|Any CPU
		{D3F55FDD-582E-4EFB-BBC2-56C395BF7365}.Debug|Any CPU.ActiveCfg = Debug|Any CPU
		{D3F55FDD-582E-4EFB-BBC2-56C395BF7365}.Debug|Any CPU.Build.0 = Debug|Any CPU
		{D3F55FDD-582E-4EFB-BBC2-56C395BF7365}.Release|Any CPU.ActiveCfg = Release|Any CPU
		{D3F55FDD-582E-4EFB-BBC2-56C395BF7365}.Release|Any CPU.Build.0 = Release|Any CPU
	EndGlobalSection
	GlobalSection(SolutionProperties) = preSolution
		HideSolutionNode = FALSE
	EndGlobalSection
	GlobalSection(ExtensibilityGlobals) = postSolution
		SolutionGuid = {08A40B3C-2240-45A4-A490-9CB1B2D5A8BA}
	EndGlobalSection
EndGlobal
